
Microsoft Visual Studio Solution File, Format Version 12.00
# Visual Studio Version 16
VisualStudioVersion = 16.0.29503.13
MinimumVisualStudioVersion = 10.0.40219.1
Project("{9A19103F-16F7-4668-BE54-9A1E7A4F7556}") = "Foodtopia", "Foodtopia\Foodtopia.csproj", "{4ADBA863-0930-42C9-AD76-F0EA564E0D62}"
EndProject
Project("{9A19103F-16F7-4668-BE54-9A1E7A4F7556}") = "DataAccess", "DataAccess\DataAccess.csproj", "{FE81A39A-0DEA-42D0-A489-2CBB414FB740}"
EndProject
Project("{9A19103F-16F7-4668-BE54-9A1E7A4F7556}") = "Service", "Service\Service.csproj", "{4696B9B5-D6B2-4FCF-ABDA-A58D2624B970}"
EndProject
Project("{FAE04EC0-301F-11D3-BF4B-00C04F79EFBC}") = "Authentication", "Authentication\Authentication.csproj", "{1A5166E8-E4E2-4D51-8E13-4E8245AB97E5}"
EndProject
Global
	GlobalSection(SolutionConfigurationPlatforms) = preSolution
		Debug|Any CPU = Debug|Any CPU
		Release|Any CPU = Release|Any CPU
	EndGlobalSection
	GlobalSection(ProjectConfigurationPlatforms) = postSolution
		{4ADBA863-0930-42C9-AD76-F0EA564E0D62}.Debug|Any CPU.ActiveCfg = Debug|Any CPU
		{4ADBA863-0930-42C9-AD76-F0EA564E0D62}.Debug|Any CPU.Build.0 = Debug|Any CPU
		{4ADBA863-0930-42C9-AD76-F0EA564E0D62}.Release|Any CPU.ActiveCfg = Release|Any CPU
		{4ADBA863-0930-42C9-AD76-F0EA564E0D62}.Release|Any CPU.Build.0 = Release|Any CPU
		{FE81A39A-0DEA-42D0-A489-2CBB414FB740}.Debug|Any CPU.ActiveCfg = Debug|Any CPU
		{FE81A39A-0DEA-42D0-A489-2CBB414FB740}.Debug|Any CPU.Build.0 = Debug|Any CPU
		{FE81A39A-0DEA-42D0-A489-2CBB414FB740}.Release|Any CPU.ActiveCfg = Release|Any CPU
		{FE81A39A-0DEA-42D0-A489-2CBB414FB740}.Release|Any CPU.Build.0 = Release|Any CPU
		{4696B9B5-D6B2-4FCF-ABDA-A58D2624B970}.Debug|Any CPU.ActiveCfg = Debug|Any CPU
		{4696B9B5-D6B2-4FCF-ABDA-A58D2624B970}.Debug|Any CPU.Build.0 = Debug|Any CPU
		{4696B9B5-D6B2-4FCF-ABDA-A58D2624B970}.Release|Any CPU.ActiveCfg = Release|Any CPU
		{4696B9B5-D6B2-4FCF-ABDA-A58D2624B970}.Release|Any CPU.Build.0 = Release|Any CPU
		{1A5166E8-E4E2-4D51-8E13-4E8245AB97E5}.Debug|Any CPU.ActiveCfg = Debug|Any CPU
		{1A5166E8-E4E2-4D51-8E13-4E8245AB97E5}.Debug|Any CPU.Build.0 = Debug|Any CPU
		{1A5166E8-E4E2-4D51-8E13-4E8245AB97E5}.Release|Any CPU.ActiveCfg = Release|Any CPU
		{1A5166E8-E4E2-4D51-8E13-4E8245AB97E5}.Release|Any CPU.Build.0 = Release|Any CPU
	EndGlobalSection
	GlobalSection(SolutionProperties) = preSolution
		HideSolutionNode = FALSE
	EndGlobalSection
	GlobalSection(ExtensibilityGlobals) = postSolution
		SolutionGuid = {EAB61E80-7F3E-4A6A-95FC-2B843A8A6365}
	EndGlobalSection
EndGlobal
